
Microsoft Visual Studio Solution File, Format Version 12.00
# Visual Studio Version 16
VisualStudioVersion = 16.0.31321.278
MinimumVisualStudioVersion = 10.0.40219.1
Project("{2150E333-8FDC-42A3-9474-1A3956D46DE8}") = "OrderApi", "OrderApi", "{C4C81EF4-AB62-499B-93DC-E1A69B705B64}"
EndProject
Project("{2150E333-8FDC-42A3-9474-1A3956D46DE8}") = "CustomerApi", "CustomerApi", "{0B7C1F6E-5BF6-4B8D-9222-FFCBCE7DFDEB}"
EndProject
Project("{9A19103F-16F7-4668-BE54-9A1E7A4F7556}") = "Core", "CustomersApi\Core\Core.csproj", "{2E6AEF28-B1FE-4ACA-AC88-00AE154B5469}"
EndProject
Project("{9A19103F-16F7-4668-BE54-9A1E7A4F7556}") = "Business", "CustomersApi\Business\Business.csproj", "{BE1E6E3E-405A-472F-8A07-DBD02DD6F95C}"
EndProject
Project("{9A19103F-16F7-4668-BE54-9A1E7A4F7556}") = "DataAccess", "CustomersApi\DataAccess\DataAccess.csproj", "{76E54B5F-BFD9-4B69-A9F8-B68D9CE0E1B1}"
EndProject
Project("{9A19103F-16F7-4668-BE54-9A1E7A4F7556}") = "Entities", "CustomersApi\Entities\Entities.csproj", "{0E7D1A4F-CCB2-42AA-9CB8-745DA362BBFC}"
EndProject
Project("{9A19103F-16F7-4668-BE54-9A1E7A4F7556}") = "WebAPI", "CustomersApi\WebAPI\WebAPI.csproj", "{F92AAB0D-3132-490B-86BA-5847B3A17A9C}"
EndProject
Project("{9A19103F-16F7-4668-BE54-9A1E7A4F7556}") = "Business", "OrdersApi\Business\Business.csproj", "{4B94D478-0DDA-4711-BFE7-8FB232021C38}"
EndProject
Project("{9A19103F-16F7-4668-BE54-9A1E7A4F7556}") = "Core", "OrdersApi\Core\Core.csproj", "{06B8E3E6-3627-43F9-8725-1744E4AE1216}"
EndProject
Project("{9A19103F-16F7-4668-BE54-9A1E7A4F7556}") = "DataAccess", "OrdersApi\DataAccess\DataAccess.csproj", "{0C316501-85BF-4E46-A31A-6AC51B6D6487}"
EndProject
Project("{9A19103F-16F7-4668-BE54-9A1E7A4F7556}") = "Entities", "OrdersApi\Entities\Entities.csproj", "{95465413-F04C-4BD0-B805-3E808DB65C11}"
EndProject
Project("{9A19103F-16F7-4668-BE54-9A1E7A4F7556}") = "OrderAPI", "OrdersApi\WebAPI\OrderAPI.csproj", "{6FD59136-C07B-496D-9A17-C4550E42FC80}"
EndProject
Project("{FAE04EC0-301F-11D3-BF4B-00C04F79EFBC}") = "UnitTest", "Xunit\XUnitTest\UnitTest\UnitTest.csproj", "{73222B45-15B1-431D-A0CE-1340B77F1859}"
EndProject
Global
	GlobalSection(SolutionConfigurationPlatforms) = preSolution
		Debug|Any CPU = Debug|Any CPU
		Release|Any CPU = Release|Any CPU
	EndGlobalSection
	GlobalSection(ProjectConfigurationPlatforms) = postSolution
		{2E6AEF28-B1FE-4ACA-AC88-00AE154B5469}.Debug|Any CPU.ActiveCfg = Debug|Any CPU
		{2E6AEF28-B1FE-4ACA-AC88-00AE154B5469}.Debug|Any CPU.Build.0 = Debug|Any CPU
		{2E6AEF28-B1FE-4ACA-AC88-00AE154B5469}.Release|Any CPU.ActiveCfg = Release|Any CPU
		{2E6AEF28-B1FE-4ACA-AC88-00AE154B5469}.Release|Any CPU.Build.0 = Release|Any CPU
		{BE1E6E3E-405A-472F-8A07-DBD02DD6F95C}.Debug|Any CPU.ActiveCfg = Debug|Any CPU
		{BE1E6E3E-405A-472F-8A07-DBD02DD6F95C}.Debug|Any CPU.Build.0 = Debug|Any CPU
		{BE1E6E3E-405A-472F-8A07-DBD02DD6F95C}.Release|Any CPU.ActiveCfg = Release|Any CPU
		{BE1E6E3E-405A-472F-8A07-DBD02DD6F95C}.Release|Any CPU.Build.0 = Release|Any CPU
		{76E54B5F-BFD9-4B69-A9F8-B68D9CE0E1B1}.Debug|Any CPU.ActiveCfg = Debug|Any CPU
		{76E54B5F-BFD9-4B69-A9F8-B68D9CE0E1B1}.Debug|Any CPU.Build.0 = Debug|Any CPU
		{76E54B5F-BFD9-4B69-A9F8-B68D9CE0E1B1}.Release|Any CPU.ActiveCfg = Release|Any CPU
		{76E54B5F-BFD9-4B69-A9F8-B68D9CE0E1B1}.Release|Any CPU.Build.0 = Release|Any CPU
		{0E7D1A4F-CCB2-42AA-9CB8-745DA362BBFC}.Debug|Any CPU.ActiveCfg = Debug|Any CPU
		{0E7D1A4F-CCB2-42AA-9CB8-745DA362BBFC}.Debug|Any CPU.Build.0 = Debug|Any CPU
		{0E7D1A4F-CCB2-42AA-9CB8-745DA362BBFC}.Release|Any CPU.ActiveCfg = Release|Any CPU
		{0E7D1A4F-CCB2-42AA-9CB8-745DA362BBFC}.Release|Any CPU.Build.0 = Release|Any CPU
		{F92AAB0D-3132-490B-86BA-5847B3A17A9C}.Debug|Any CPU.ActiveCfg = Debug|Any CPU
		{F92AAB0D-3132-490B-86BA-5847B3A17A9C}.Debug|Any CPU.Build.0 = Debug|Any CPU
		{F92AAB0D-3132-490B-86BA-5847B3A17A9C}.Release|Any CPU.ActiveCfg = Release|Any CPU
		{F92AAB0D-3132-490B-86BA-5847B3A17A9C}.Release|Any CPU.Build.0 = Release|Any CPU
		{4B94D478-0DDA-4711-BFE7-8FB232021C38}.Debug|Any CPU.ActiveCfg = Debug|Any CPU
		{4B94D478-0DDA-4711-BFE7-8FB232021C38}.Debug|Any CPU.Build.0 = Debug|Any CPU
		{4B94D478-0DDA-4711-BFE7-8FB232021C38}.Release|Any CPU.ActiveCfg = Release|Any CPU
		{4B94D478-0DDA-4711-BFE7-8FB232021C38}.Release|Any CPU.Build.0 = Release|Any CPU
		{06B8E3E6-3627-43F9-8725-1744E4AE1216}.Debug|Any CPU.ActiveCfg = Debug|Any CPU
		{06B8E3E6-3627-43F9-8725-1744E4AE1216}.Debug|Any CPU.Build.0 = Debug|Any CPU
		{06B8E3E6-3627-43F9-8725-1744E4AE1216}.Release|Any CPU.ActiveCfg = Release|Any CPU
		{06B8E3E6-3627-43F9-8725-1744E4AE1216}.Release|Any CPU.Build.0 = Release|Any CPU
		{0C316501-85BF-4E46-A31A-6AC51B6D6487}.Debug|Any CPU.ActiveCfg = Debug|Any CPU
		{0C316501-85BF-4E46-A31A-6AC51B6D6487}.Debug|Any CPU.Build.0 = Debug|Any CPU
		{0C316501-85BF-4E46-A31A-6AC51B6D6487}.Release|Any CPU.ActiveCfg = Release|Any CPU
		{0C316501-85BF-4E46-A31A-6AC51B6D6487}.Release|Any CPU.Build.0 = Release|Any CPU
		{95465413-F04C-4BD0-B805-3E808DB65C11}.Debug|Any CPU.ActiveCfg = Debug|Any CPU
		{95465413-F04C-4BD0-B805-3E808DB65C11}.Debug|Any CPU.Build.0 = Debug|Any CPU
		{95465413-F04C-4BD0-B805-3E808DB65C11}.Release|Any CPU.ActiveCfg = Release|Any CPU
		{95465413-F04C-4BD0-B805-3E808DB65C11}.Release|Any CPU.Build.0 = Release|Any CPU
		{6FD59136-C07B-496D-9A17-C4550E42FC80}.Debug|Any CPU.ActiveCfg = Debug|Any CPU
		{6FD59136-C07B-496D-9A17-C4550E42FC80}.Debug|Any CPU.Build.0 = Debug|Any CPU
		{6FD59136-C07B-496D-9A17-C4550E42FC80}.Release|Any CPU.ActiveCfg = Release|Any CPU
		{6FD59136-C07B-496D-9A17-C4550E42FC80}.Release|Any CPU.Build.0 = Release|Any CPU
		{73222B45-15B1-431D-A0CE-1340B77F1859}.Debug|Any CPU.ActiveCfg = Debug|Any CPU
		{73222B45-15B1-431D-A0CE-1340B77F1859}.Debug|Any CPU.Build.0 = Debug|Any CPU
		{73222B45-15B1-431D-A0CE-1340B77F1859}.Release|Any CPU.ActiveCfg = Release|Any CPU
		{73222B45-15B1-431D-A0CE-1340B77F1859}.Release|Any CPU.Build.0 = Release|Any CPU
	EndGlobalSection
	GlobalSection(SolutionProperties) = preSolution
		HideSolutionNode = FALSE
	EndGlobalSection
	GlobalSection(NestedProjects) = preSolution
		{2E6AEF28-B1FE-4ACA-AC88-00AE154B5469} = {0B7C1F6E-5BF6-4B8D-9222-FFCBCE7DFDEB}
		{BE1E6E3E-405A-472F-8A07-DBD02DD6F95C} = {0B7C1F6E-5BF6-4B8D-9222-FFCBCE7DFDEB}
		{76E54B5F-BFD9-4B69-A9F8-B68D9CE0E1B1} = {0B7C1F6E-5BF6-4B8D-9222-FFCBCE7DFDEB}
		{0E7D1A4F-CCB2-42AA-9CB8-745DA362BBFC} = {0B7C1F6E-5BF6-4B8D-9222-FFCBCE7DFDEB}
		{F92AAB0D-3132-490B-86BA-5847B3A17A9C} = {0B7C1F6E-5BF6-4B8D-9222-FFCBCE7DFDEB}
		{4B94D478-0DDA-4711-BFE7-8FB232021C38} = {C4C81EF4-AB62-499B-93DC-E1A69B705B64}
		{06B8E3E6-3627-43F9-8725-1744E4AE1216} = {C4C81EF4-AB62-499B-93DC-E1A69B705B64}
		{0C316501-85BF-4E46-A31A-6AC51B6D6487} = {C4C81EF4-AB62-499B-93DC-E1A69B705B64}
		{95465413-F04C-4BD0-B805-3E808DB65C11} = {C4C81EF4-AB62-499B-93DC-E1A69B705B64}
		{6FD59136-C07B-496D-9A17-C4550E42FC80} = {C4C81EF4-AB62-499B-93DC-E1A69B705B64}
	EndGlobalSection
	GlobalSection(ExtensibilityGlobals) = postSolution
		SolutionGuid = {5FB2BF2F-368A-4706-8952-18BE42D3D3BF}
	EndGlobalSection
EndGlobal
